
Microsoft Visual Studio Solution File, Format Version 12.00
# Visual Studio Version 17
VisualStudioVersion = 17.9.34728.123
MinimumVisualStudioVersion = 10.0.40219.1
Project("{FAE04EC0-301F-11D3-BF4B-00C04F79EFBC}") = "QuizApplication.Api", "QuizApplication.Api\QuizApplication.Api.csproj", "{0FB1264B-6E22-4F4A-8CAF-8E04C4DD6BA5}"
EndProject
Project("{FAE04EC0-301F-11D3-BF4B-00C04F79EFBC}") = "QuizApplication.Data", "QuizApplication.Data\QuizApplication.Data.csproj", "{C4417314-9CA6-482A-AD4A-CC34193A6710}"
EndProject
Project("{FAE04EC0-301F-11D3-BF4B-00C04F79EFBC}") = "QuizApplication.Core", "QuizApplication.Core\QuizApplication.Core.csproj", "{69389C61-EF7D-4C01-8829-3F50A18F9736}"
EndProject
Project("{FAE04EC0-301F-11D3-BF4B-00C04F79EFBC}") = "QuizApplication.Application", "QuizApplication.Application\QuizApplication.Application.csproj", "{73C903BF-843C-4EA2-BF48-3A7E3A8E433C}"
EndProject
Global
	GlobalSection(SolutionConfigurationPlatforms) = preSolution
		Debug|Any CPU = Debug|Any CPU
		Release|Any CPU = Release|Any CPU
	EndGlobalSection
	GlobalSection(ProjectConfigurationPlatforms) = postSolution
		{0FB1264B-6E22-4F4A-8CAF-8E04C4DD6BA5}.Debug|Any CPU.ActiveCfg = Debug|Any CPU
		{0FB1264B-6E22-4F4A-8CAF-8E04C4DD6BA5}.Debug|Any CPU.Build.0 = Debug|Any CPU
		{0FB1264B-6E22-4F4A-8CAF-8E04C4DD6BA5}.Release|Any CPU.ActiveCfg = Release|Any CPU
		{0FB1264B-6E22-4F4A-8CAF-8E04C4DD6BA5}.Release|Any CPU.Build.0 = Release|Any CPU
		{C4417314-9CA6-482A-AD4A-CC34193A6710}.Debug|Any CPU.ActiveCfg = Debug|Any CPU
		{C4417314-9CA6-482A-AD4A-CC34193A6710}.Debug|Any CPU.Build.0 = Debug|Any CPU
		{C4417314-9CA6-482A-AD4A-CC34193A6710}.Release|Any CPU.ActiveCfg = Release|Any CPU
		{C4417314-9CA6-482A-AD4A-CC34193A6710}.Release|Any CPU.Build.0 = Release|Any CPU
		{69389C61-EF7D-4C01-8829-3F50A18F9736}.Debug|Any CPU.ActiveCfg = Debug|Any CPU
		{69389C61-EF7D-4C01-8829-3F50A18F9736}.Debug|Any CPU.Build.0 = Debug|Any CPU
		{69389C61-EF7D-4C01-8829-3F50A18F9736}.Release|Any CPU.ActiveCfg = Release|Any CPU
		{69389C61-EF7D-4C01-8829-3F50A18F9736}.Release|Any CPU.Build.0 = Release|Any CPU
		{73C903BF-843C-4EA2-BF48-3A7E3A8E433C}.Debug|Any CPU.ActiveCfg = Debug|Any CPU
		{73C903BF-843C-4EA2-BF48-3A7E3A8E433C}.Debug|Any CPU.Build.0 = Debug|Any CPU
		{73C903BF-843C-4EA2-BF48-3A7E3A8E433C}.Release|Any CPU.ActiveCfg = Release|Any CPU
		{73C903BF-843C-4EA2-BF48-3A7E3A8E433C}.Release|Any CPU.Build.0 = Release|Any CPU
	EndGlobalSection
	GlobalSection(SolutionProperties) = preSolution
		HideSolutionNode = FALSE
	EndGlobalSection
	GlobalSection(ExtensibilityGlobals) = postSolution
		SolutionGuid = {5634ABE3-2CFF-40DD-9630-ECDBB2D70354}
	EndGlobalSection
EndGlobal
